
Microsoft Visual Studio Solution File, Format Version 12.00
# Visual Studio Version 17
VisualStudioVersion = 17.7.34024.191
MinimumVisualStudioVersion = 10.0.40219.1
Project("{FAE04EC0-301F-11D3-BF4B-00C04F79EFBC}") = "Amber", "Amber\Amber.csproj", "{6031B553-43F6-4F6B-955B-A42B5CB183F3}"
EndProject
Global
	GlobalSection(SolutionConfigurationPlatforms) = preSolution
		Debug|Any CPU = Debug|Any CPU
		Release|Any CPU = Release|Any CPU
	EndGlobalSection
	GlobalSection(ProjectConfigurationPlatforms) = postSolution
		{6031B553-43F6-4F6B-955B-A42B5CB183F3}.Debug|Any CPU.ActiveCfg = Debug|Any CPU
		{6031B553-43F6-4F6B-955B-A42B5CB183F3}.Debug|Any CPU.Build.0 = Debug|Any CPU
		{6031B553-43F6-4F6B-955B-A42B5CB183F3}.Release|Any CPU.ActiveCfg = Release|Any CPU
		{6031B553-43F6-4F6B-955B-A42B5CB183F3}.Release|Any CPU.Build.0 = Release|Any CPU
	EndGlobalSection
	GlobalSection(SolutionProperties) = preSolution
		HideSolutionNode = FALSE
	EndGlobalSection
	GlobalSection(ExtensibilityGlobals) = postSolution
		SolutionGuid = {C1EB996E-6181-46EC-B726-ED9384BF4F45}
	EndGlobalSection
EndGlobal
