
Microsoft Visual Studio Solution File, Format Version 12.00
# Visual Studio Version 17
VisualStudioVersion = 17.7.34024.191
MinimumVisualStudioVersion = 10.0.40219.1
Project("{FAE04EC0-301F-11D3-BF4B-00C04F79EFBC}") = "Web", "Web\Web.csproj", "{8B328C79-974A-49C4-B106-B07D190CF56C}"
EndProject
Project("{FAE04EC0-301F-11D3-BF4B-00C04F79EFBC}") = "CoreLibrary", "CoreLibrary\CoreLibrary.csproj", "{034E2491-8E17-45EC-8F9A-E2E8AA4138F7}"
EndProject
Global
	GlobalSection(SolutionConfigurationPlatforms) = preSolution
		Debug|Any CPU = Debug|Any CPU
		Release|Any CPU = Release|Any CPU
	EndGlobalSection
	GlobalSection(ProjectConfigurationPlatforms) = postSolution
		{8B328C79-974A-49C4-B106-B07D190CF56C}.Debug|Any CPU.ActiveCfg = Debug|Any CPU
		{8B328C79-974A-49C4-B106-B07D190CF56C}.Debug|Any CPU.Build.0 = Debug|Any CPU
		{8B328C79-974A-49C4-B106-B07D190CF56C}.Release|Any CPU.ActiveCfg = Release|Any CPU
		{8B328C79-974A-49C4-B106-B07D190CF56C}.Release|Any CPU.Build.0 = Release|Any CPU
		{034E2491-8E17-45EC-8F9A-E2E8AA4138F7}.Debug|Any CPU.ActiveCfg = Debug|Any CPU
		{034E2491-8E17-45EC-8F9A-E2E8AA4138F7}.Debug|Any CPU.Build.0 = Debug|Any CPU
		{034E2491-8E17-45EC-8F9A-E2E8AA4138F7}.Release|Any CPU.ActiveCfg = Release|Any CPU
		{034E2491-8E17-45EC-8F9A-E2E8AA4138F7}.Release|Any CPU.Build.0 = Release|Any CPU
	EndGlobalSection
	GlobalSection(SolutionProperties) = preSolution
		HideSolutionNode = FALSE
	EndGlobalSection
	GlobalSection(ExtensibilityGlobals) = postSolution
		SolutionGuid = {C1EB996E-6181-46EC-B726-ED9384BF4F45}
	EndGlobalSection
EndGlobal
